// !$*UTF8*$!
{
	archiveVersion = 1;
	classes = {
	};
	objectVersion = 55;
	objects = {

/* Begin PBXBuildFile section */
		3A469267DD6EF82BD400B8E2 /* Pods_iosOpenAPIDemo.framework in Frameworks */ = {isa = PBXBuildFile; fileRef = E0E58D2A3078F5140CAE9CEC /* Pods_iosOpenAPIDemo.framework */; };
		4D2B64122938A948006DB4D1 /* AppDelegate.swift in Sources */ = {isa = PBXBuildFile; fileRef = 4D2B64112938A948006DB4D1 /* AppDelegate.swift */; };
		4D2B64142938A948006DB4D1 /* SceneDelegate.swift in Sources */ = {isa = PBXBuildFile; fileRef = 4D2B64132938A948006DB4D1 /* SceneDelegate.swift */; };
		4D2B64192938A949006DB4D1 /* Main.storyboard in Resources */ = {isa = PBXBuildFile; fileRef = 4D2B64172938A949006DB4D1 /* Main.storyboard */; };
		4D2B641B2938A94E006DB4D1 /* Assets.xcassets in Resources */ = {isa = PBXBuildFile; fileRef = 4D2B641A2938A94E006DB4D1 /* Assets.xcassets */; };
		4D2B641E2938A94E006DB4D1 /* LaunchScreen.storyboard in Resources */ = {isa = PBXBuildFile; fileRef = 4D2B641C2938A94E006DB4D1 /* LaunchScreen.storyboard */; };
		4D2B64292938AA50006DB4D1 /* DashBoardViewController.swift in Sources */ = {isa = PBXBuildFile; fileRef = 4D2B64282938AA50006DB4D1 /* DashBoardViewController.swift */; };
		4D2B642D2938AAAC006DB4D1 /* SplashViewController.swift in Sources */ = {isa = PBXBuildFile; fileRef = 4D2B642C2938AAAC006DB4D1 /* SplashViewController.swift */; };
		4D4B7860294886D40041B424 /* DashBoardViewModel.swift in Sources */ = {isa = PBXBuildFile; fileRef = 4D4B785F294886D40041B424 /* DashBoardViewModel.swift */; };
		4D4B7865294886F10041B424 /* DashBoardCommunitiesTableViewCell.swift in Sources */ = {isa = PBXBuildFile; fileRef = 4D4B7863294886F10041B424 /* DashBoardCommunitiesTableViewCell.swift */; };
		4D4B7866294886F10041B424 /* DashBoardCommunitiesTableViewCell.xib in Resources */ = {isa = PBXBuildFile; fileRef = 4D4B7864294886F10041B424 /* DashBoardCommunitiesTableViewCell.xib */; };
		4D5B08D12951846B00B3D324 /* DashBoardTableViewExtension.swift in Sources */ = {isa = PBXBuildFile; fileRef = 4D5B08D02951846B00B3D324 /* DashBoardTableViewExtension.swift */; };
		4D5B5C57297E92A20005CD48 /* voip.mp3 in Resources */ = {isa = PBXBuildFile; fileRef = 4D5B5C4E297E92A20005CD48 /* voip.mp3 */; };
		4D5B5C58297E92A20005CD48 /* ping.mp3 in Resources */ = {isa = PBXBuildFile; fileRef = 4D5B5C4F297E92A20005CD48 /* ping.mp3 */; };
		4D5B5C59297E92A20005CD48 /* lightning.mp3 in Resources */ = {isa = PBXBuildFile; fileRef = 4D5B5C50297E92A20005CD48 /* lightning.mp3 */; };
		4D5B5C5A297E92A20005CD48 /* urgent.mp3 in Resources */ = {isa = PBXBuildFile; fileRef = 4D5B5C51297E92A20005CD48 /* urgent.mp3 */; };
		4D5B5C5B297E92A20005CD48 /* weather.mp3 in Resources */ = {isa = PBXBuildFile; fileRef = 4D5B5C52297E92A20005CD48 /* weather.mp3 */; };
		4D5B5C5C297E92A20005CD48 /* silence.mp3 in Resources */ = {isa = PBXBuildFile; fileRef = 4D5B5C53297E92A20005CD48 /* silence.mp3 */; };
		4D5B5C5D297E92A20005CD48 /* critical.mp3 in Resources */ = {isa = PBXBuildFile; fileRef = 4D5B5C54297E92A20005CD48 /* critical.mp3 */; };
		4D5B5C5E297E92A20005CD48 /* alarm.mp3 in Resources */ = {isa = PBXBuildFile; fileRef = 4D5B5C55297E92A20005CD48 /* alarm.mp3 */; };
		4D5B5C5F297E92A20005CD48 /* emergency.mp3 in Resources */ = {isa = PBXBuildFile; fileRef = 4D5B5C56297E92A20005CD48 /* emergency.mp3 */; };
		4D5C4BBB29683BEC00B0C7A8 /* NotificationService.swift in Sources */ = {isa = PBXBuildFile; fileRef = 4D5C4BBA29683BEC00B0C7A8 /* NotificationService.swift */; };
		4D5C4BBF29683BEC00B0C7A8 /* NotificationServiceExtension.appex in Embed Foundation Extensions */ = {isa = PBXBuildFile; fileRef = 4D5C4BB829683BEB00B0C7A8 /* NotificationServiceExtension.appex */; settings = {ATTRIBUTES = (RemoveHeadersOnCopy, ); }; };
		4D5FCC3E2977522C00B2104E /* SerachCommunitiesViewModel.swift in Sources */ = {isa = PBXBuildFile; fileRef = 4D5FCC3D2977522C00B2104E /* SerachCommunitiesViewModel.swift */; };
		4D607B372940752900E20ACA /* PartnerTokenFIle.swift in Sources */ = {isa = PBXBuildFile; fileRef = 4D607B362940752900E20ACA /* PartnerTokenFIle.swift */; };
		4D764EE1296941C000F8B3AD /* ViewController.swift in Sources */ = {isa = PBXBuildFile; fileRef = 4D764EE0296941C000F8B3AD /* ViewController.swift */; };
		4D764EE62969456B00F8B3AD /* AlertListViewModel.swift in Sources */ = {isa = PBXBuildFile; fileRef = 4D764EE52969456B00F8B3AD /* AlertListViewModel.swift */; };
		4D764EE9296998C300F8B3AD /* Date.swift in Sources */ = {isa = PBXBuildFile; fileRef = 4D764EE8296998C300F8B3AD /* Date.swift */; };
		4D764EF22969DFE600F8B3AD /* StoryBoard.swift in Sources */ = {isa = PBXBuildFile; fileRef = 4D764EF12969DFE600F8B3AD /* StoryBoard.swift */; };
		4D76ED0F293DAD3F00467F33 /* SWRevealViewController.m in Sources */ = {isa = PBXBuildFile; fileRef = 4D76ED0E293DAD3F00467F33 /* SWRevealViewController.m */; };
		4D76ED1E293DCEE000467F33 /* AlertListViewController.swift in Sources */ = {isa = PBXBuildFile; fileRef = 4D76ED1D293DCEE000467F33 /* AlertListViewController.swift */; };
		4D76ED22293DCF2600467F33 /* SearchCommunitiesViewController.swift in Sources */ = {isa = PBXBuildFile; fileRef = 4D76ED21293DCF2600467F33 /* SearchCommunitiesViewController.swift */; };
		4D76ED25293DCFB400467F33 /* SideMenuViewController.swift in Sources */ = {isa = PBXBuildFile; fileRef = 4D76ED24293DCFB400467F33 /* SideMenuViewController.swift */; };
		4D76ED27293DCFD900467F33 /* LoginViewController.swift in Sources */ = {isa = PBXBuildFile; fileRef = 4D76ED26293DCFD900467F33 /* LoginViewController.swift */; };
		4D76ED2B293DD70900467F33 /* CommunityCell.swift in Sources */ = {isa = PBXBuildFile; fileRef = 4D76ED29293DD70900467F33 /* CommunityCell.swift */; };
		4D76ED2C293DD70900467F33 /* CommunityCell.xib in Resources */ = {isa = PBXBuildFile; fileRef = 4D76ED2A293DD70900467F33 /* CommunityCell.xib */; };
		4D76ED37293DE81700467F33 /* AlertListTableViewCell.swift in Sources */ = {isa = PBXBuildFile; fileRef = 4D76ED35293DE81700467F33 /* AlertListTableViewCell.swift */; };
		4D76ED38293DE81700467F33 /* AlertListTableViewCell.xib in Resources */ = {isa = PBXBuildFile; fileRef = 4D76ED36293DE81700467F33 /* AlertListTableViewCell.xib */; };
		4DA07E3D296B42A40050A2D7 /* AlertDetailViewController.swift in Sources */ = {isa = PBXBuildFile; fileRef = 4DA07E3C296B42A40050A2D7 /* AlertDetailViewController.swift */; };
		4DA07E3F296B464F0050A2D7 /* AlertDetailViewModel.swift in Sources */ = {isa = PBXBuildFile; fileRef = 4DA07E3E296B464F0050A2D7 /* AlertDetailViewModel.swift */; };
		91E462919434E11E82987E08 /* Pods_NotificationServiceExtension.framework in Frameworks */ = {isa = PBXBuildFile; fileRef = A48224C8B7FEA4A897E7170A /* Pods_NotificationServiceExtension.framework */; };
/* End PBXBuildFile section */

/* Begin PBXContainerItemProxy section */
		4D5C4BBD29683BEC00B0C7A8 /* PBXContainerItemProxy */ = {
			isa = PBXContainerItemProxy;
			containerPortal = 4D2B64062938A948006DB4D1 /* Project object */;
			proxyType = 1;
			remoteGlobalIDString = 4D5C4BB729683BEB00B0C7A8;
			remoteInfo = NotificationServiceExtension;
		};
/* End PBXContainerItemProxy section */

/* Begin PBXCopyFilesBuildPhase section */
		4D607B492940C19F00E20ACA /* Embed Foundation Extensions */ = {
			isa = PBXCopyFilesBuildPhase;
			buildActionMask = 2147483647;
			dstPath = "";
			dstSubfolderSpec = 13;
			files = (
				4D5C4BBF29683BEC00B0C7A8 /* NotificationServiceExtension.appex in Embed Foundation Extensions */,
			);
			name = "Embed Foundation Extensions";
			runOnlyForDeploymentPostprocessing = 0;
		};
/* End PBXCopyFilesBuildPhase section */

/* Begin PBXFileReference section */
		0F286F559DE44FF79D825E20 /* Pods-iosOpenAPIDemo.debug.xcconfig */ = {isa = PBXFileReference; includeInIndex = 1; lastKnownFileType = text.xcconfig; name = "Pods-iosOpenAPIDemo.debug.xcconfig"; path = "Target Support Files/Pods-iosOpenAPIDemo/Pods-iosOpenAPIDemo.debug.xcconfig"; sourceTree = "<group>"; };
		3D08B141FEF567F258E663D0 /* Pods-NotificationService.release.xcconfig */ = {isa = PBXFileReference; includeInIndex = 1; lastKnownFileType = text.xcconfig; name = "Pods-NotificationService.release.xcconfig"; path = "Target Support Files/Pods-NotificationService/Pods-NotificationService.release.xcconfig"; sourceTree = "<group>"; };
		3E43E97F315301FD8880C766 /* Pods_NotificationService.framework */ = {isa = PBXFileReference; explicitFileType = wrapper.framework; includeInIndex = 0; path = Pods_NotificationService.framework; sourceTree = BUILT_PRODUCTS_DIR; };
		48068B02957A4A735F2B98C0 /* Pods-iosOpenAPIDemo.release.xcconfig */ = {isa = PBXFileReference; includeInIndex = 1; lastKnownFileType = text.xcconfig; name = "Pods-iosOpenAPIDemo.release.xcconfig"; path = "Target Support Files/Pods-iosOpenAPIDemo/Pods-iosOpenAPIDemo.release.xcconfig"; sourceTree = "<group>"; };
		4D2B640E2938A948006DB4D1 /* iosOpenAPIDemo.app */ = {isa = PBXFileReference; explicitFileType = wrapper.application; includeInIndex = 0; path = iosOpenAPIDemo.app; sourceTree = BUILT_PRODUCTS_DIR; };
		4D2B64112938A948006DB4D1 /* AppDelegate.swift */ = {isa = PBXFileReference; lastKnownFileType = sourcecode.swift; path = AppDelegate.swift; sourceTree = "<group>"; };
		4D2B64132938A948006DB4D1 /* SceneDelegate.swift */ = {isa = PBXFileReference; lastKnownFileType = sourcecode.swift; path = SceneDelegate.swift; sourceTree = "<group>"; };
		4D2B64182938A949006DB4D1 /* Base */ = {isa = PBXFileReference; lastKnownFileType = file.storyboard; name = Base; path = Base.lproj/Main.storyboard; sourceTree = "<group>"; };
		4D2B641A2938A94E006DB4D1 /* Assets.xcassets */ = {isa = PBXFileReference; lastKnownFileType = folder.assetcatalog; path = Assets.xcassets; sourceTree = "<group>"; };
		4D2B641D2938A94E006DB4D1 /* Base */ = {isa = PBXFileReference; lastKnownFileType = file.storyboard; name = Base; path = Base.lproj/LaunchScreen.storyboard; sourceTree = "<group>"; };
		4D2B641F2938A94E006DB4D1 /* Info.plist */ = {isa = PBXFileReference; lastKnownFileType = text.plist.xml; path = Info.plist; sourceTree = "<group>"; };
		4D2B64282938AA50006DB4D1 /* DashBoardViewController.swift */ = {isa = PBXFileReference; lastKnownFileType = sourcecode.swift; path = DashBoardViewController.swift; sourceTree = "<group>"; };
		4D2B642C2938AAAC006DB4D1 /* SplashViewController.swift */ = {isa = PBXFileReference; lastKnownFileType = sourcecode.swift; path = SplashViewController.swift; sourceTree = "<group>"; };
		4D4B785F294886D40041B424 /* DashBoardViewModel.swift */ = {isa = PBXFileReference; fileEncoding = 4; lastKnownFileType = sourcecode.swift; path = DashBoardViewModel.swift; sourceTree = "<group>"; };
		4D4B7863294886F10041B424 /* DashBoardCommunitiesTableViewCell.swift */ = {isa = PBXFileReference; fileEncoding = 4; lastKnownFileType = sourcecode.swift; path = DashBoardCommunitiesTableViewCell.swift; sourceTree = "<group>"; };
		4D4B7864294886F10041B424 /* DashBoardCommunitiesTableViewCell.xib */ = {isa = PBXFileReference; fileEncoding = 4; lastKnownFileType = file.xib; path = DashBoardCommunitiesTableViewCell.xib; sourceTree = "<group>"; };
		4D5B08D02951846B00B3D324 /* DashBoardTableViewExtension.swift */ = {isa = PBXFileReference; lastKnownFileType = sourcecode.swift; path = DashBoardTableViewExtension.swift; sourceTree = "<group>"; };
		4D5B5C4E297E92A20005CD48 /* voip.mp3 */ = {isa = PBXFileReference; lastKnownFileType = audio.mp3; name = voip.mp3; path = AudioFiles/voip.mp3; sourceTree = "<group>"; };
		4D5B5C4F297E92A20005CD48 /* ping.mp3 */ = {isa = PBXFileReference; lastKnownFileType = audio.mp3; name = ping.mp3; path = AudioFiles/ping.mp3; sourceTree = "<group>"; };
		4D5B5C50297E92A20005CD48 /* lightning.mp3 */ = {isa = PBXFileReference; lastKnownFileType = audio.mp3; name = lightning.mp3; path = AudioFiles/lightning.mp3; sourceTree = "<group>"; };
		4D5B5C51297E92A20005CD48 /* urgent.mp3 */ = {isa = PBXFileReference; lastKnownFileType = audio.mp3; name = urgent.mp3; path = AudioFiles/urgent.mp3; sourceTree = "<group>"; };
		4D5B5C52297E92A20005CD48 /* weather.mp3 */ = {isa = PBXFileReference; lastKnownFileType = audio.mp3; name = weather.mp3; path = AudioFiles/weather.mp3; sourceTree = "<group>"; };
		4D5B5C53297E92A20005CD48 /* silence.mp3 */ = {isa = PBXFileReference; lastKnownFileType = audio.mp3; name = silence.mp3; path = AudioFiles/silence.mp3; sourceTree = "<group>"; };
		4D5B5C54297E92A20005CD48 /* critical.mp3 */ = {isa = PBXFileReference; lastKnownFileType = audio.mp3; name = critical.mp3; path = AudioFiles/critical.mp3; sourceTree = "<group>"; };
		4D5B5C55297E92A20005CD48 /* alarm.mp3 */ = {isa = PBXFileReference; lastKnownFileType = audio.mp3; name = alarm.mp3; path = AudioFiles/alarm.mp3; sourceTree = "<group>"; };
		4D5B5C56297E92A20005CD48 /* emergency.mp3 */ = {isa = PBXFileReference; lastKnownFileType = audio.mp3; name = emergency.mp3; path = AudioFiles/emergency.mp3; sourceTree = "<group>"; };
		4D5C4BB829683BEB00B0C7A8 /* NotificationServiceExtension.appex */ = {isa = PBXFileReference; explicitFileType = "wrapper.app-extension"; includeInIndex = 0; path = NotificationServiceExtension.appex; sourceTree = BUILT_PRODUCTS_DIR; };
		4D5C4BBA29683BEC00B0C7A8 /* NotificationService.swift */ = {isa = PBXFileReference; lastKnownFileType = sourcecode.swift; path = NotificationService.swift; sourceTree = "<group>"; };
		4D5C4BBC29683BEC00B0C7A8 /* Info.plist */ = {isa = PBXFileReference; lastKnownFileType = text.plist.xml; path = Info.plist; sourceTree = "<group>"; };
		4D5C4BC329683DCA00B0C7A8 /* NotificationServiceExtension.entitlements */ = {isa = PBXFileReference; lastKnownFileType = text.plist.entitlements; path = NotificationServiceExtension.entitlements; sourceTree = "<group>"; };
		4D5FCC3D2977522C00B2104E /* SerachCommunitiesViewModel.swift */ = {isa = PBXFileReference; lastKnownFileType = sourcecode.swift; path = SerachCommunitiesViewModel.swift; sourceTree = "<group>"; };
		4D607B362940752900E20ACA /* PartnerTokenFIle.swift */ = {isa = PBXFileReference; lastKnownFileType = sourcecode.swift; path = PartnerTokenFIle.swift; sourceTree = "<group>"; };
		4D607B402940C19F00E20ACA /* NotificationService.swift */ = {isa = PBXFileReference; lastKnownFileType = sourcecode.swift; path = NotificationService.swift; sourceTree = "<group>"; };
		4D607B422940C19F00E20ACA /* Info.plist */ = {isa = PBXFileReference; lastKnownFileType = text.plist.xml; path = Info.plist; sourceTree = "<group>"; };
		4D607B4A2940C1A800E20ACA /* OpenAPINotificationExtension.entitlements */ = {isa = PBXFileReference; lastKnownFileType = text.plist.entitlements; path = OpenAPINotificationExtension.entitlements; sourceTree = "<group>"; };
		4D764EE0296941C000F8B3AD /* ViewController.swift */ = {isa = PBXFileReference; lastKnownFileType = sourcecode.swift; path = ViewController.swift; sourceTree = "<group>"; };
		4D764EE52969456B00F8B3AD /* AlertListViewModel.swift */ = {isa = PBXFileReference; lastKnownFileType = sourcecode.swift; path = AlertListViewModel.swift; sourceTree = "<group>"; };
		4D764EE8296998C300F8B3AD /* Date.swift */ = {isa = PBXFileReference; lastKnownFileType = sourcecode.swift; path = Date.swift; sourceTree = "<group>"; };
		4D764EF12969DFE600F8B3AD /* StoryBoard.swift */ = {isa = PBXFileReference; fileEncoding = 4; lastKnownFileType = sourcecode.swift; path = StoryBoard.swift; sourceTree = "<group>"; };
		4D76ED0C293DAD3400467F33 /* SWRevealViewController.h */ = {isa = PBXFileReference; lastKnownFileType = sourcecode.c.h; path = SWRevealViewController.h; sourceTree = "<group>"; };
		4D76ED0D293DAD3E00467F33 /* iosOpenAPIDemo-Bridging-Header.h */ = {isa = PBXFileReference; lastKnownFileType = sourcecode.c.h; path = "iosOpenAPIDemo-Bridging-Header.h"; sourceTree = "<group>"; };
		4D76ED0E293DAD3F00467F33 /* SWRevealViewController.m */ = {isa = PBXFileReference; fileEncoding = 4; lastKnownFileType = sourcecode.c.objc; path = SWRevealViewController.m; sourceTree = "<group>"; };
		4D76ED1D293DCEE000467F33 /* AlertListViewController.swift */ = {isa = PBXFileReference; lastKnownFileType = sourcecode.swift; path = AlertListViewController.swift; sourceTree = "<group>"; };
		4D76ED21293DCF2600467F33 /* SearchCommunitiesViewController.swift */ = {isa = PBXFileReference; lastKnownFileType = sourcecode.swift; path = SearchCommunitiesViewController.swift; sourceTree = "<group>"; };
		4D76ED24293DCFB400467F33 /* SideMenuViewController.swift */ = {isa = PBXFileReference; lastKnownFileType = sourcecode.swift; path = SideMenuViewController.swift; sourceTree = "<group>"; };
		4D76ED26293DCFD900467F33 /* LoginViewController.swift */ = {isa = PBXFileReference; lastKnownFileType = sourcecode.swift; path = LoginViewController.swift; sourceTree = "<group>"; };
		4D76ED29293DD70900467F33 /* CommunityCell.swift */ = {isa = PBXFileReference; lastKnownFileType = sourcecode.swift; path = CommunityCell.swift; sourceTree = "<group>"; };
		4D76ED2A293DD70900467F33 /* CommunityCell.xib */ = {isa = PBXFileReference; lastKnownFileType = file.xib; path = CommunityCell.xib; sourceTree = "<group>"; };
		4D76ED35293DE81700467F33 /* AlertListTableViewCell.swift */ = {isa = PBXFileReference; lastKnownFileType = sourcecode.swift; path = AlertListTableViewCell.swift; sourceTree = "<group>"; };
		4D76ED36293DE81700467F33 /* AlertListTableViewCell.xib */ = {isa = PBXFileReference; lastKnownFileType = file.xib; path = AlertListTableViewCell.xib; sourceTree = "<group>"; };
		4DA07E3C296B42A40050A2D7 /* AlertDetailViewController.swift */ = {isa = PBXFileReference; lastKnownFileType = sourcecode.swift; path = AlertDetailViewController.swift; sourceTree = "<group>"; };
		4DA07E3E296B464F0050A2D7 /* AlertDetailViewModel.swift */ = {isa = PBXFileReference; lastKnownFileType = sourcecode.swift; path = AlertDetailViewModel.swift; sourceTree = "<group>"; };
		A30DE8C9446F9DCC4C5C5C4A /* Pods-NotificationServiceExtension.debug.xcconfig */ = {isa = PBXFileReference; includeInIndex = 1; lastKnownFileType = text.xcconfig; name = "Pods-NotificationServiceExtension.debug.xcconfig"; path = "Target Support Files/Pods-NotificationServiceExtension/Pods-NotificationServiceExtension.debug.xcconfig"; sourceTree = "<group>"; };
		A48224C8B7FEA4A897E7170A /* Pods_NotificationServiceExtension.framework */ = {isa = PBXFileReference; explicitFileType = wrapper.framework; includeInIndex = 0; path = Pods_NotificationServiceExtension.framework; sourceTree = BUILT_PRODUCTS_DIR; };
		E0E58D2A3078F5140CAE9CEC /* Pods_iosOpenAPIDemo.framework */ = {isa = PBXFileReference; explicitFileType = wrapper.framework; includeInIndex = 0; path = Pods_iosOpenAPIDemo.framework; sourceTree = BUILT_PRODUCTS_DIR; };
		E4926B8A85A9832AA20EA6F4 /* Pods-NotificationServiceExtension.release.xcconfig */ = {isa = PBXFileReference; includeInIndex = 1; lastKnownFileType = text.xcconfig; name = "Pods-NotificationServiceExtension.release.xcconfig"; path = "Target Support Files/Pods-NotificationServiceExtension/Pods-NotificationServiceExtension.release.xcconfig"; sourceTree = "<group>"; };
		EF01FA1D8D465FE5A07F30C0 /* Pods-NotificationService.debug.xcconfig */ = {isa = PBXFileReference; includeInIndex = 1; lastKnownFileType = text.xcconfig; name = "Pods-NotificationService.debug.xcconfig"; path = "Target Support Files/Pods-NotificationService/Pods-NotificationService.debug.xcconfig"; sourceTree = "<group>"; };
/* End PBXFileReference section */

/* Begin PBXFrameworksBuildPhase section */
		4D2B640B2938A948006DB4D1 /* Frameworks */ = {
			isa = PBXFrameworksBuildPhase;
			buildActionMask = 2147483647;
			files = (
				3A469267DD6EF82BD400B8E2 /* Pods_iosOpenAPIDemo.framework in Frameworks */,
			);
			runOnlyForDeploymentPostprocessing = 0;
		};
		4D5C4BB529683BEB00B0C7A8 /* Frameworks */ = {
			isa = PBXFrameworksBuildPhase;
			buildActionMask = 2147483647;
			files = (
				91E462919434E11E82987E08 /* Pods_NotificationServiceExtension.framework in Frameworks */,
			);
			runOnlyForDeploymentPostprocessing = 0;
		};
/* End PBXFrameworksBuildPhase section */

/* Begin PBXGroup section */
		4D2B64052938A948006DB4D1 = {
			isa = PBXGroup;
			children = (
				4D2B64102938A948006DB4D1 /* iosOpenAPIDemo */,
				4D607B3F2940C19F00E20ACA /* OpenAPINotificationExtension */,
				4D5C4BB929683BEC00B0C7A8 /* NotificationServiceExtension */,
				4D2B640F2938A948006DB4D1 /* Products */,
				61B7F936AF72E60D94272389 /* Pods */,
				A1659AB7FA31A14BFD668DA9 /* Frameworks */,
			);
			sourceTree = "<group>";
		};
		4D2B640F2938A948006DB4D1 /* Products */ = {
			isa = PBXGroup;
			children = (
				4D2B640E2938A948006DB4D1 /* iosOpenAPIDemo.app */,
				4D5C4BB829683BEB00B0C7A8 /* NotificationServiceExtension.appex */,
			);
			name = Products;
			sourceTree = "<group>";
		};
		4D2B64102938A948006DB4D1 /* iosOpenAPIDemo */ = {
			isa = PBXGroup;
			children = (
				4D5B5C55297E92A20005CD48 /* alarm.mp3 */,
				4D5B5C54297E92A20005CD48 /* critical.mp3 */,
				4D5B5C56297E92A20005CD48 /* emergency.mp3 */,
				4D5B5C50297E92A20005CD48 /* lightning.mp3 */,
				4D5B5C4F297E92A20005CD48 /* ping.mp3 */,
				4D5B5C53297E92A20005CD48 /* silence.mp3 */,
				4D5B5C51297E92A20005CD48 /* urgent.mp3 */,
				4D5B5C4E297E92A20005CD48 /* voip.mp3 */,
				4D5B5C52297E92A20005CD48 /* weather.mp3 */,
				4D764EDC29693C6200F8B3AD /* Utilities */,
				4D2B64252938AA0D006DB4D1 /* Modules */,
				4D2B64112938A948006DB4D1 /* AppDelegate.swift */,
				4D2B64132938A948006DB4D1 /* SceneDelegate.swift */,
				4D2B64172938A949006DB4D1 /* Main.storyboard */,
				4D2B641A2938A94E006DB4D1 /* Assets.xcassets */,
				4D2B641C2938A94E006DB4D1 /* LaunchScreen.storyboard */,
				4D2B641F2938A94E006DB4D1 /* Info.plist */,
				4D76ED0C293DAD3400467F33 /* SWRevealViewController.h */,
				4D76ED0E293DAD3F00467F33 /* SWRevealViewController.m */,
				4D76ED0D293DAD3E00467F33 /* iosOpenAPIDemo-Bridging-Header.h */,
			);
			path = iosOpenAPIDemo;
			sourceTree = "<group>";
		};
		4D2B64252938AA0D006DB4D1 /* Modules */ = {
			isa = PBXGroup;
			children = (
				4D764EF3296B3CEA00F8B3AD /* AlertDetailScreen */,
				4D2B642A2938AA71006DB4D1 /* SplashScreen */,
				4D76ED11293DCD0F00467F33 /* LoginScreen */,
				4D2B64262938AA1C006DB4D1 /* DashBoardScreen */,
				4D76ED12293DCD2400467F33 /* SideMenuScreen */,
				4D76ED14293DCD5000467F33 /* SearchCommunitiesScreen */,
				4D76ED16293DCE0200467F33 /* AlertsListScreen */,
			);
			path = Modules;
			sourceTree = "<group>";
		};
		4D2B64262938AA1C006DB4D1 /* DashBoardScreen */ = {
			isa = PBXGroup;
			children = (
				4D4B7862294886EA0041B424 /* View */,
				4D76ED3C293DEB0C00467F33 /* Model */,
				4D4B7861294886DB0041B424 /* ViewModel */,
				4D2B64272938AA32006DB4D1 /* Controller */,
			);
			path = DashBoardScreen;
			sourceTree = "<group>";
		};
		4D2B64272938AA32006DB4D1 /* Controller */ = {
			isa = PBXGroup;
			children = (
				4D2B64282938AA50006DB4D1 /* DashBoardViewController.swift */,
			);
			path = Controller;
			sourceTree = "<group>";
		};
		4D2B642A2938AA71006DB4D1 /* SplashScreen */ = {
			isa = PBXGroup;
			children = (
				4D76ED39293DE85C00467F33 /* Model */,
				4D2B642B2938AA8E006DB4D1 /* Controller */,
			);
			path = SplashScreen;
			sourceTree = "<group>";
		};
		4D2B642B2938AA8E006DB4D1 /* Controller */ = {
			isa = PBXGroup;
			children = (
				4D2B642C2938AAAC006DB4D1 /* SplashViewController.swift */,
			);
			path = Controller;
			sourceTree = "<group>";
		};
		4D4B7861294886DB0041B424 /* ViewModel */ = {
			isa = PBXGroup;
			children = (
				4D4B785F294886D40041B424 /* DashBoardViewModel.swift */,
			);
			path = ViewModel;
			sourceTree = "<group>";
		};
		4D4B7862294886EA0041B424 /* View */ = {
			isa = PBXGroup;
			children = (
				4D4B7863294886F10041B424 /* DashBoardCommunitiesTableViewCell.swift */,
				4D4B7864294886F10041B424 /* DashBoardCommunitiesTableViewCell.xib */,
			);
			path = View;
			sourceTree = "<group>";
		};
		4D5B08CF295182EF00B3D324 /* DashBoardScreenHelper */ = {
			isa = PBXGroup;
			children = (
				4D5B08D02951846B00B3D324 /* DashBoardTableViewExtension.swift */,
			);
			path = DashBoardScreenHelper;
			sourceTree = "<group>";
		};
		4D5C4BB929683BEC00B0C7A8 /* NotificationServiceExtension */ = {
			isa = PBXGroup;
			children = (
				4D5C4BC329683DCA00B0C7A8 /* NotificationServiceExtension.entitlements */,
				4D5C4BBA29683BEC00B0C7A8 /* NotificationService.swift */,
				4D5C4BBC29683BEC00B0C7A8 /* Info.plist */,
			);
			path = NotificationServiceExtension;
			sourceTree = "<group>";
		};
		4D5D81042970121B00AC5FA2 /* ViewModel */ = {
			isa = PBXGroup;
			children = (
				4D5FCC3D2977522C00B2104E /* SerachCommunitiesViewModel.swift */,
			);
			path = ViewModel;
			sourceTree = "<group>";
		};
		4D607B352940750600E20ACA /* PartnerTokenInfo */ = {
			isa = PBXGroup;
			children = (
				4D607B362940752900E20ACA /* PartnerTokenFIle.swift */,
			);
			path = PartnerTokenInfo;
			sourceTree = "<group>";
		};
		4D607B3829407A1700E20ACA /* Helpers */ = {
			isa = PBXGroup;
			children = (
				4D764EF12969DFE600F8B3AD /* StoryBoard.swift */,
				4D5B08CF295182EF00B3D324 /* DashBoardScreenHelper */,
				4D607B352940750600E20ACA /* PartnerTokenInfo */,
			);
			path = Helpers;
			sourceTree = "<group>";
		};
		4D607B3F2940C19F00E20ACA /* OpenAPINotificationExtension */ = {
			isa = PBXGroup;
			children = (
				4D607B4A2940C1A800E20ACA /* OpenAPINotificationExtension.entitlements */,
				4D607B402940C19F00E20ACA /* NotificationService.swift */,
				4D607B422940C19F00E20ACA /* Info.plist */,
			);
			path = OpenAPINotificationExtension;
			sourceTree = "<group>";
		};
		4D764EDC29693C6200F8B3AD /* Utilities */ = {
			isa = PBXGroup;
			children = (
				4D764EDD29693C9F00F8B3AD /* Extensions */,
				4D607B3829407A1700E20ACA /* Helpers */,
			);
			path = Utilities;
			sourceTree = "<group>";
		};
		4D764EDD29693C9F00F8B3AD /* Extensions */ = {
			isa = PBXGroup;
			children = (
				4D764EE7296998AD00F8B3AD /* Foundation */,
				4D764EE0296941C000F8B3AD /* ViewController.swift */,
			);
			path = Extensions;
			sourceTree = "<group>";
		};
		4D764EE42969452D00F8B3AD /* ViewModel */ = {
			isa = PBXGroup;
			children = (
				4D764EE52969456B00F8B3AD /* AlertListViewModel.swift */,
			);
			path = ViewModel;
			sourceTree = "<group>";
		};
		4D764EE7296998AD00F8B3AD /* Foundation */ = {
			isa = PBXGroup;
			children = (
				4D764EE8296998C300F8B3AD /* Date.swift */,
			);
			path = Foundation;
			sourceTree = "<group>";
		};
		4D764EF3296B3CEA00F8B3AD /* AlertDetailScreen */ = {
			isa = PBXGroup;
			children = (
				4DA07E3C296B42A40050A2D7 /* AlertDetailViewController.swift */,
				4DA07E3E296B464F0050A2D7 /* AlertDetailViewModel.swift */,
			);
			path = AlertDetailScreen;
			sourceTree = "<group>";
		};
		4D76ED11293DCD0F00467F33 /* LoginScreen */ = {
			isa = PBXGroup;
			children = (
				4D76ED1C293DCEBD00467F33 /* Controller */,
			);
			path = LoginScreen;
			sourceTree = "<group>";
		};
		4D76ED12293DCD2400467F33 /* SideMenuScreen */ = {
			isa = PBXGroup;
			children = (
				4D76ED1B293DCEB400467F33 /* Controller */,
			);
			path = SideMenuScreen;
			sourceTree = "<group>";
		};
		4D76ED14293DCD5000467F33 /* SearchCommunitiesScreen */ = {
			isa = PBXGroup;
			children = (
				4D5D81042970121B00AC5FA2 /* ViewModel */,
				4D76ED3D293DEB5E00467F33 /* Model */,
				4D76ED28293DD6E100467F33 /* View */,
				4D76ED19293DCE9D00467F33 /* Controller */,
			);
			path = SearchCommunitiesScreen;
			sourceTree = "<group>";
		};
		4D76ED16293DCE0200467F33 /* AlertsListScreen */ = {
			isa = PBXGroup;
			children = (
				4D764EE42969452D00F8B3AD /* ViewModel */,
				4D76ED3F293DEB8E00467F33 /* Model */,
				4D76ED34293DE7FB00467F33 /* View */,
				4D76ED17293DCE7B00467F33 /* Controller */,
			);
			path = AlertsListScreen;
			sourceTree = "<group>";
		};
		4D76ED17293DCE7B00467F33 /* Controller */ = {
			isa = PBXGroup;
			children = (
				4D76ED1D293DCEE000467F33 /* AlertListViewController.swift */,
			);
			path = Controller;
			sourceTree = "<group>";
		};
		4D76ED19293DCE9D00467F33 /* Controller */ = {
			isa = PBXGroup;
			children = (
				4D76ED21293DCF2600467F33 /* SearchCommunitiesViewController.swift */,
			);
			path = Controller;
			sourceTree = "<group>";
		};
		4D76ED1B293DCEB400467F33 /* Controller */ = {
			isa = PBXGroup;
			children = (
				4D76ED24293DCFB400467F33 /* SideMenuViewController.swift */,
			);
			path = Controller;
			sourceTree = "<group>";
		};
		4D76ED1C293DCEBD00467F33 /* Controller */ = {
			isa = PBXGroup;
			children = (
				4D76ED26293DCFD900467F33 /* LoginViewController.swift */,
			);
			path = Controller;
			sourceTree = "<group>";
		};
		4D76ED28293DD6E100467F33 /* View */ = {
			isa = PBXGroup;
			children = (
				4D76ED29293DD70900467F33 /* CommunityCell.swift */,
				4D76ED2A293DD70900467F33 /* CommunityCell.xib */,
			);
			path = View;
			sourceTree = "<group>";
		};
		4D76ED34293DE7FB00467F33 /* View */ = {
			isa = PBXGroup;
			children = (
				4D76ED35293DE81700467F33 /* AlertListTableViewCell.swift */,
				4D76ED36293DE81700467F33 /* AlertListTableViewCell.xib */,
			);
			path = View;
			sourceTree = "<group>";
		};
		4D76ED39293DE85C00467F33 /* Model */ = {
			isa = PBXGroup;
			children = (
			);
			path = Model;
			sourceTree = "<group>";
		};
		4D76ED3C293DEB0C00467F33 /* Model */ = {
			isa = PBXGroup;
			children = (
			);
			path = Model;
			sourceTree = "<group>";
		};
		4D76ED3D293DEB5E00467F33 /* Model */ = {
			isa = PBXGroup;
			children = (
			);
			path = Model;
			sourceTree = "<group>";
		};
		4D76ED3F293DEB8E00467F33 /* Model */ = {
			isa = PBXGroup;
			children = (
			);
			path = Model;
			sourceTree = "<group>";
		};
		61B7F936AF72E60D94272389 /* Pods */ = {
			isa = PBXGroup;
			children = (
				A30DE8C9446F9DCC4C5C5C4A /* Pods-NotificationServiceExtension.debug.xcconfig */,
				E4926B8A85A9832AA20EA6F4 /* Pods-NotificationServiceExtension.release.xcconfig */,
				0F286F559DE44FF79D825E20 /* Pods-iosOpenAPIDemo.debug.xcconfig */,
				48068B02957A4A735F2B98C0 /* Pods-iosOpenAPIDemo.release.xcconfig */,
				EF01FA1D8D465FE5A07F30C0 /* Pods-NotificationService.debug.xcconfig */,
				3D08B141FEF567F258E663D0 /* Pods-NotificationService.release.xcconfig */,
			);
			path = Pods;
			sourceTree = "<group>";
		};
		A1659AB7FA31A14BFD668DA9 /* Frameworks */ = {
			isa = PBXGroup;
			children = (
				A48224C8B7FEA4A897E7170A /* Pods_NotificationServiceExtension.framework */,
				E0E58D2A3078F5140CAE9CEC /* Pods_iosOpenAPIDemo.framework */,
				3E43E97F315301FD8880C766 /* Pods_NotificationService.framework */,
			);
			name = Frameworks;
			sourceTree = "<group>";
		};
/* End PBXGroup section */

/* Begin PBXNativeTarget section */
		4D2B640D2938A948006DB4D1 /* iosOpenAPIDemo */ = {
			isa = PBXNativeTarget;
			buildConfigurationList = 4D2B64222938A94E006DB4D1 /* Build configuration list for PBXNativeTarget "iosOpenAPIDemo" */;
			buildPhases = (
				1406966C120932D8932017B7 /* [CP] Check Pods Manifest.lock */,
				4D2B640A2938A948006DB4D1 /* Sources */,
				4D2B640B2938A948006DB4D1 /* Frameworks */,
				4D2B640C2938A948006DB4D1 /* Resources */,
				4D607B492940C19F00E20ACA /* Embed Foundation Extensions */,
				DD820335A6BC0C344EAA2E77 /* [CP] Embed Pods Frameworks */,
			);
			buildRules = (
			);
			dependencies = (
				4D5C4BBE29683BEC00B0C7A8 /* PBXTargetDependency */,
			);
			name = iosOpenAPIDemo;
			productName = iosOpenAPIDemo;
			productReference = 4D2B640E2938A948006DB4D1 /* iosOpenAPIDemo.app */;
			productType = "com.apple.product-type.application";
		};
		4D5C4BB729683BEB00B0C7A8 /* NotificationServiceExtension */ = {
			isa = PBXNativeTarget;
			buildConfigurationList = 4D5C4BC229683BEC00B0C7A8 /* Build configuration list for PBXNativeTarget "NotificationServiceExtension" */;
			buildPhases = (
				7D6B20445DEADCB106FD7391 /* [CP] Check Pods Manifest.lock */,
				4D5C4BB429683BEB00B0C7A8 /* Sources */,
				4D5C4BB529683BEB00B0C7A8 /* Frameworks */,
				4D5C4BB629683BEB00B0C7A8 /* Resources */,
			);
			buildRules = (
			);
			dependencies = (
			);
			name = NotificationServiceExtension;
			productName = NotificationServiceExtension;
			productReference = 4D5C4BB829683BEB00B0C7A8 /* NotificationServiceExtension.appex */;
			productType = "com.apple.product-type.app-extension";
		};
/* End PBXNativeTarget section */

/* Begin PBXProject section */
		4D2B64062938A948006DB4D1 /* Project object */ = {
			isa = PBXProject;
			attributes = {
				BuildIndependentTargetsInParallel = 1;
				LastSwiftUpdateCheck = 1400;
				LastUpgradeCheck = 1320;
				TargetAttributes = {
					4D2B640D2938A948006DB4D1 = {
						CreatedOnToolsVersion = 13.2.1;
						LastSwiftMigration = 1320;
					};
					4D5C4BB729683BEB00B0C7A8 = {
						CreatedOnToolsVersion = 14.0;
					};
				};
			};
			buildConfigurationList = 4D2B64092938A948006DB4D1 /* Build configuration list for PBXProject "iosOpenAPIDemo" */;
			compatibilityVersion = "Xcode 13.0";
			developmentRegion = en;
			hasScannedForEncodings = 0;
			knownRegions = (
				en,
				Base,
			);
			mainGroup = 4D2B64052938A948006DB4D1;
			productRefGroup = 4D2B640F2938A948006DB4D1 /* Products */;
			projectDirPath = "";
			projectRoot = "";
			targets = (
				4D2B640D2938A948006DB4D1 /* iosOpenAPIDemo */,
				4D5C4BB729683BEB00B0C7A8 /* NotificationServiceExtension */,
			);
		};
/* End PBXProject section */

/* Begin PBXResourcesBuildPhase section */
		4D2B640C2938A948006DB4D1 /* Resources */ = {
			isa = PBXResourcesBuildPhase;
			buildActionMask = 2147483647;
			files = (
				4D5B5C5C297E92A20005CD48 /* silence.mp3 in Resources */,
				4D5B5C5D297E92A20005CD48 /* critical.mp3 in Resources */,
				4D2B641E2938A94E006DB4D1 /* LaunchScreen.storyboard in Resources */,
				4D5B5C5A297E92A20005CD48 /* urgent.mp3 in Resources */,
				4D5B5C59297E92A20005CD48 /* lightning.mp3 in Resources */,
				4D2B641B2938A94E006DB4D1 /* Assets.xcassets in Resources */,
				4D76ED38293DE81700467F33 /* AlertListTableViewCell.xib in Resources */,
				4D5B5C5F297E92A20005CD48 /* emergency.mp3 in Resources */,
				4D2B64192938A949006DB4D1 /* Main.storyboard in Resources */,
				4D5B5C58297E92A20005CD48 /* ping.mp3 in Resources */,
				4D5B5C57297E92A20005CD48 /* voip.mp3 in Resources */,
				4D4B7866294886F10041B424 /* DashBoardCommunitiesTableViewCell.xib in Resources */,
				4D5B5C5B297E92A20005CD48 /* weather.mp3 in Resources */,
				4D5B5C5E297E92A20005CD48 /* alarm.mp3 in Resources */,
				4D76ED2C293DD70900467F33 /* CommunityCell.xib in Resources */,
			);
			runOnlyForDeploymentPostprocessing = 0;
		};
		4D5C4BB629683BEB00B0C7A8 /* Resources */ = {
			isa = PBXResourcesBuildPhase;
			buildActionMask = 2147483647;
			files = (
			);
			runOnlyForDeploymentPostprocessing = 0;
		};
/* End PBXResourcesBuildPhase section */

/* Begin PBXShellScriptBuildPhase section */
		1406966C120932D8932017B7 /* [CP] Check Pods Manifest.lock */ = {
			isa = PBXShellScriptBuildPhase;
			buildActionMask = 2147483647;
			files = (
			);
			inputFileListPaths = (
			);
			inputPaths = (
				"${PODS_PODFILE_DIR_PATH}/Podfile.lock",
				"${PODS_ROOT}/Manifest.lock",
			);
			name = "[CP] Check Pods Manifest.lock";
			outputFileListPaths = (
			);
			outputPaths = (
				"$(DERIVED_FILE_DIR)/Pods-iosOpenAPIDemo-checkManifestLockResult.txt",
			);
			runOnlyForDeploymentPostprocessing = 0;
			shellPath = /bin/sh;
			shellScript = "diff \"${PODS_PODFILE_DIR_PATH}/Podfile.lock\" \"${PODS_ROOT}/Manifest.lock\" > /dev/null\nif [ $? != 0 ] ; then\n    # print error to STDERR\n    echo \"error: The sandbox is not in sync with the Podfile.lock. Run 'pod install' or update your CocoaPods installation.\" >&2\n    exit 1\nfi\n# This output is used by Xcode 'outputs' to avoid re-running this script phase.\necho \"SUCCESS\" > \"${SCRIPT_OUTPUT_FILE_0}\"\n";
			showEnvVarsInLog = 0;
		};
		7D6B20445DEADCB106FD7391 /* [CP] Check Pods Manifest.lock */ = {
			isa = PBXShellScriptBuildPhase;
			buildActionMask = 2147483647;
			files = (
			);
			inputFileListPaths = (
			);
			inputPaths = (
				"${PODS_PODFILE_DIR_PATH}/Podfile.lock",
				"${PODS_ROOT}/Manifest.lock",
			);
			name = "[CP] Check Pods Manifest.lock";
			outputFileListPaths = (
			);
			outputPaths = (
				"$(DERIVED_FILE_DIR)/Pods-NotificationServiceExtension-checkManifestLockResult.txt",
			);
			runOnlyForDeploymentPostprocessing = 0;
			shellPath = /bin/sh;
			shellScript = "diff \"${PODS_PODFILE_DIR_PATH}/Podfile.lock\" \"${PODS_ROOT}/Manifest.lock\" > /dev/null\nif [ $? != 0 ] ; then\n    # print error to STDERR\n    echo \"error: The sandbox is not in sync with the Podfile.lock. Run 'pod install' or update your CocoaPods installation.\" >&2\n    exit 1\nfi\n# This output is used by Xcode 'outputs' to avoid re-running this script phase.\necho \"SUCCESS\" > \"${SCRIPT_OUTPUT_FILE_0}\"\n";
			showEnvVarsInLog = 0;
		};
		DD820335A6BC0C344EAA2E77 /* [CP] Embed Pods Frameworks */ = {
			isa = PBXShellScriptBuildPhase;
			buildActionMask = 2147483647;
			files = (
			);
			inputFileListPaths = (
				"${PODS_ROOT}/Target Support Files/Pods-iosOpenAPIDemo/Pods-iosOpenAPIDemo-frameworks-${CONFIGURATION}-input-files.xcfilelist",
			);
			name = "[CP] Embed Pods Frameworks";
			outputFileListPaths = (
				"${PODS_ROOT}/Target Support Files/Pods-iosOpenAPIDemo/Pods-iosOpenAPIDemo-frameworks-${CONFIGURATION}-output-files.xcfilelist",
			);
			runOnlyForDeploymentPostprocessing = 0;
			shellPath = /bin/sh;
			shellScript = "\"${PODS_ROOT}/Target Support Files/Pods-iosOpenAPIDemo/Pods-iosOpenAPIDemo-frameworks.sh\"\n";
			showEnvVarsInLog = 0;
		};
/* End PBXShellScriptBuildPhase section */

/* Begin PBXSourcesBuildPhase section */
		4D2B640A2938A948006DB4D1 /* Sources */ = {
			isa = PBXSourcesBuildPhase;
			buildActionMask = 2147483647;
			files = (
				4D5B08D12951846B00B3D324 /* DashBoardTableViewExtension.swift in Sources */,
				4D764EE1296941C000F8B3AD /* ViewController.swift in Sources */,
				4D2B64292938AA50006DB4D1 /* DashBoardViewController.swift in Sources */,
				4D607B372940752900E20ACA /* PartnerTokenFIle.swift in Sources */,
				4DA07E3F296B464F0050A2D7 /* AlertDetailViewModel.swift in Sources */,
				4D76ED22293DCF2600467F33 /* SearchCommunitiesViewController.swift in Sources */,
				4D764EF22969DFE600F8B3AD /* StoryBoard.swift in Sources */,
				4D2B64122938A948006DB4D1 /* AppDelegate.swift in Sources */,
				4D4B7860294886D40041B424 /* DashBoardViewModel.swift in Sources */,
				4D76ED2B293DD70900467F33 /* CommunityCell.swift in Sources */,
				4D2B64142938A948006DB4D1 /* SceneDelegate.swift in Sources */,
				4D2B642D2938AAAC006DB4D1 /* SplashViewController.swift in Sources */,
				4DA07E3D296B42A40050A2D7 /* AlertDetailViewController.swift in Sources */,
				4D76ED0F293DAD3F00467F33 /* SWRevealViewController.m in Sources */,
				4D5FCC3E2977522C00B2104E /* SerachCommunitiesViewModel.swift in Sources */,
				4D4B7865294886F10041B424 /* DashBoardCommunitiesTableViewCell.swift in Sources */,
				4D76ED25293DCFB400467F33 /* SideMenuViewController.swift in Sources */,
				4D76ED37293DE81700467F33 /* AlertListTableViewCell.swift in Sources */,
				4D764EE62969456B00F8B3AD /* AlertListViewModel.swift in Sources */,
				4D764EE9296998C300F8B3AD /* Date.swift in Sources */,
				4D76ED27293DCFD900467F33 /* LoginViewController.swift in Sources */,
				4D76ED1E293DCEE000467F33 /* AlertListViewController.swift in Sources */,
			);
			runOnlyForDeploymentPostprocessing = 0;
		};
		4D5C4BB429683BEB00B0C7A8 /* Sources */ = {
			isa = PBXSourcesBuildPhase;
			buildActionMask = 2147483647;
			files = (
				4D5C4BBB29683BEC00B0C7A8 /* NotificationService.swift in Sources */,
			);
			runOnlyForDeploymentPostprocessing = 0;
		};
/* End PBXSourcesBuildPhase section */

/* Begin PBXTargetDependency section */
		4D5C4BBE29683BEC00B0C7A8 /* PBXTargetDependency */ = {
			isa = PBXTargetDependency;
			target = 4D5C4BB729683BEB00B0C7A8 /* NotificationServiceExtension */;
			targetProxy = 4D5C4BBD29683BEC00B0C7A8 /* PBXContainerItemProxy */;
		};
/* End PBXTargetDependency section */

/* Begin PBXVariantGroup section */
		4D2B64172938A949006DB4D1 /* Main.storyboard */ = {
			isa = PBXVariantGroup;
			children = (
				4D2B64182938A949006DB4D1 /* Base */,
			);
			name = Main.storyboard;
			sourceTree = "<group>";
		};
		4D2B641C2938A94E006DB4D1 /* LaunchScreen.storyboard */ = {
			isa = PBXVariantGroup;
			children = (
				4D2B641D2938A94E006DB4D1 /* Base */,
			);
			name = LaunchScreen.storyboard;
			sourceTree = "<group>";
		};
/* End PBXVariantGroup section */

/* Begin XCBuildConfiguration section */
		4D2B64202938A94E006DB4D1 /* Debug */ = {
			isa = XCBuildConfiguration;
			buildSettings = {
				ALWAYS_SEARCH_USER_PATHS = NO;
				CLANG_ANALYZER_NONNULL = YES;
				CLANG_ANALYZER_NUMBER_OBJECT_CONVERSION = YES_AGGRESSIVE;
				CLANG_CXX_LANGUAGE_STANDARD = "gnu++17";
				CLANG_CXX_LIBRARY = "libc++";
				CLANG_ENABLE_MODULES = YES;
				CLANG_ENABLE_OBJC_ARC = YES;
				CLANG_ENABLE_OBJC_WEAK = YES;
				CLANG_WARN_BLOCK_CAPTURE_AUTORELEASING = YES;
				CLANG_WARN_BOOL_CONVERSION = YES;
				CLANG_WARN_COMMA = YES;
				CLANG_WARN_CONSTANT_CONVERSION = YES;
				CLANG_WARN_DEPRECATED_OBJC_IMPLEMENTATIONS = YES;
				CLANG_WARN_DIRECT_OBJC_ISA_USAGE = YES_ERROR;
				CLANG_WARN_DOCUMENTATION_COMMENTS = YES;
				CLANG_WARN_EMPTY_BODY = YES;
				CLANG_WARN_ENUM_CONVERSION = YES;
				CLANG_WARN_INFINITE_RECURSION = YES;
				CLANG_WARN_INT_CONVERSION = YES;
				CLANG_WARN_NON_LITERAL_NULL_CONVERSION = YES;
				CLANG_WARN_OBJC_IMPLICIT_RETAIN_SELF = YES;
				CLANG_WARN_OBJC_LITERAL_CONVERSION = YES;
				CLANG_WARN_OBJC_ROOT_CLASS = YES_ERROR;
				CLANG_WARN_QUOTED_INCLUDE_IN_FRAMEWORK_HEADER = YES;
				CLANG_WARN_RANGE_LOOP_ANALYSIS = YES;
				CLANG_WARN_STRICT_PROTOTYPES = YES;
				CLANG_WARN_SUSPICIOUS_MOVE = YES;
				CLANG_WARN_UNGUARDED_AVAILABILITY = YES_AGGRESSIVE;
				CLANG_WARN_UNREACHABLE_CODE = YES;
				CLANG_WARN__DUPLICATE_METHOD_MATCH = YES;
				COPY_PHASE_STRIP = NO;
				DEBUG_INFORMATION_FORMAT = dwarf;
				ENABLE_STRICT_OBJC_MSGSEND = YES;
				ENABLE_TESTABILITY = YES;
				EXCLUDED_ARCHS = "";
				"EXCLUDED_ARCHS[sdk=*]" = "";
				GCC_C_LANGUAGE_STANDARD = gnu11;
				GCC_DYNAMIC_NO_PIC = NO;
				GCC_NO_COMMON_BLOCKS = YES;
				GCC_OPTIMIZATION_LEVEL = 0;
				GCC_PREPROCESSOR_DEFINITIONS = (
					"DEBUG=1",
					"$(inherited)",
				);
				GCC_WARN_64_TO_32_BIT_CONVERSION = YES;
				GCC_WARN_ABOUT_RETURN_TYPE = YES_ERROR;
				GCC_WARN_UNDECLARED_SELECTOR = YES;
				GCC_WARN_UNINITIALIZED_AUTOS = YES_AGGRESSIVE;
				GCC_WARN_UNUSED_FUNCTION = YES;
				GCC_WARN_UNUSED_VARIABLE = YES;
				IPHONEOS_DEPLOYMENT_TARGET = 13.0;
				MTL_ENABLE_DEBUG_INFO = INCLUDE_SOURCE;
				MTL_FAST_MATH = YES;
				ONLY_ACTIVE_ARCH = YES;
				SDKROOT = iphoneos;
				SWIFT_ACTIVE_COMPILATION_CONDITIONS = DEBUG;
				SWIFT_OPTIMIZATION_LEVEL = "-Onone";
			};
			name = Debug;
		};
		4D2B64212938A94E006DB4D1 /* Release */ = {
			isa = XCBuildConfiguration;
			buildSettings = {
				ALWAYS_SEARCH_USER_PATHS = NO;
				CLANG_ANALYZER_NONNULL = YES;
				CLANG_ANALYZER_NUMBER_OBJECT_CONVERSION = YES_AGGRESSIVE;
				CLANG_CXX_LANGUAGE_STANDARD = "gnu++17";
				CLANG_CXX_LIBRARY = "libc++";
				CLANG_ENABLE_MODULES = YES;
				CLANG_ENABLE_OBJC_ARC = YES;
				CLANG_ENABLE_OBJC_WEAK = YES;
				CLANG_WARN_BLOCK_CAPTURE_AUTORELEASING = YES;
				CLANG_WARN_BOOL_CONVERSION = YES;
				CLANG_WARN_COMMA = YES;
				CLANG_WARN_CONSTANT_CONVERSION = YES;
				CLANG_WARN_DEPRECATED_OBJC_IMPLEMENTATIONS = YES;
				CLANG_WARN_DIRECT_OBJC_ISA_USAGE = YES_ERROR;
				CLANG_WARN_DOCUMENTATION_COMMENTS = YES;
				CLANG_WARN_EMPTY_BODY = YES;
				CLANG_WARN_ENUM_CONVERSION = YES;
				CLANG_WARN_INFINITE_RECURSION = YES;
				CLANG_WARN_INT_CONVERSION = YES;
				CLANG_WARN_NON_LITERAL_NULL_CONVERSION = YES;
				CLANG_WARN_OBJC_IMPLICIT_RETAIN_SELF = YES;
				CLANG_WARN_OBJC_LITERAL_CONVERSION = YES;
				CLANG_WARN_OBJC_ROOT_CLASS = YES_ERROR;
				CLANG_WARN_QUOTED_INCLUDE_IN_FRAMEWORK_HEADER = YES;
				CLANG_WARN_RANGE_LOOP_ANALYSIS = YES;
				CLANG_WARN_STRICT_PROTOTYPES = YES;
				CLANG_WARN_SUSPICIOUS_MOVE = YES;
				CLANG_WARN_UNGUARDED_AVAILABILITY = YES_AGGRESSIVE;
				CLANG_WARN_UNREACHABLE_CODE = YES;
				CLANG_WARN__DUPLICATE_METHOD_MATCH = YES;
				COPY_PHASE_STRIP = NO;
				DEBUG_INFORMATION_FORMAT = "dwarf-with-dsym";
				ENABLE_NS_ASSERTIONS = NO;
				ENABLE_STRICT_OBJC_MSGSEND = YES;
				EXCLUDED_ARCHS = "";
				GCC_C_LANGUAGE_STANDARD = gnu11;
				GCC_NO_COMMON_BLOCKS = YES;
				GCC_WARN_64_TO_32_BIT_CONVERSION = YES;
				GCC_WARN_ABOUT_RETURN_TYPE = YES_ERROR;
				GCC_WARN_UNDECLARED_SELECTOR = YES;
				GCC_WARN_UNINITIALIZED_AUTOS = YES_AGGRESSIVE;
				GCC_WARN_UNUSED_FUNCTION = YES;
				GCC_WARN_UNUSED_VARIABLE = YES;
				IPHONEOS_DEPLOYMENT_TARGET = 13.0;
				MTL_ENABLE_DEBUG_INFO = NO;
				MTL_FAST_MATH = YES;
				SDKROOT = iphoneos;
				SWIFT_COMPILATION_MODE = wholemodule;
				SWIFT_OPTIMIZATION_LEVEL = "-O";
				VALIDATE_PRODUCT = YES;
			};
			name = Release;
		};
		4D2B64232938A94E006DB4D1 /* Debug */ = {
			isa = XCBuildConfiguration;
			baseConfigurationReference = 0F286F559DE44FF79D825E20 /* Pods-iosOpenAPIDemo.debug.xcconfig */;
			buildSettings = {
				ALWAYS_EMBED_SWIFT_STANDARD_LIBRARIES = YES;
				APPLICATION_EXTENSION_API_ONLY = NO;
				ARCHS = "$(ARCHS_STANDARD)";
				ASSETCATALOG_COMPILER_APPICON_NAME = AppIcon;
				ASSETCATALOG_COMPILER_GLOBAL_ACCENT_COLOR_NAME = AccentColor;
				BUILD_LIBRARY_FOR_DISTRIBUTION = NO;
				CLANG_ENABLE_MODULES = YES;
				CODE_SIGN_ENTITLEMENTS = iosOpenAPIDemo/iosOpenAPIDemo.entitlements;
				CODE_SIGN_STYLE = Automatic;
				CURRENT_PROJECT_VERSION = 1;
				DEVELOPMENT_TEAM = SL2387CHC5;
				EXCLUDED_ARCHS = "";
				"EXCLUDED_ARCHS[sdk=*]" = "";
				GENERATE_INFOPLIST_FILE = YES;
				INFOPLIST_FILE = iosOpenAPIDemo/Info.plist;
				INFOPLIST_KEY_NSLocationAlwaysAndWhenInUseUsageDescription = Yes;
				INFOPLIST_KEY_NSLocationAlwaysUsageDescription = Yes;
				INFOPLIST_KEY_NSLocationWhenInUseUsageDescription = Yes;
				INFOPLIST_KEY_UIApplicationSupportsIndirectInputEvents = YES;
				INFOPLIST_KEY_UILaunchStoryboardName = LaunchScreen;
				INFOPLIST_KEY_UIMainStoryboardFile = Main;
				INFOPLIST_KEY_UISupportedInterfaceOrientations = UIInterfaceOrientationPortrait;
				IPHONEOS_DEPLOYMENT_TARGET = 13.0;
				LD_RUNPATH_SEARCH_PATHS = (
					"$(inherited)",
					"@executable_path/Frameworks",
				);
				MARKETING_VERSION = 1.0.0;
				PRODUCT_BUNDLE_IDENTIFIER = com.intelligent.OpenAPIDemo;
				PRODUCT_NAME = "$(TARGET_NAME)";
				SUPPORTED_PLATFORMS = "iphoneos iphonesimulator";
				SUPPORTS_MACCATALYST = NO;
				SUPPORTS_MAC_DESIGNED_FOR_IPHONE_IPAD = NO;
				SWIFT_EMIT_LOC_STRINGS = YES;
				SWIFT_OBJC_BRIDGING_HEADER = "iosOpenAPIDemo/iosOpenAPIDemo-Bridging-Header.h";
				SWIFT_OPTIMIZATION_LEVEL = "-Onone";
				SWIFT_VERSION = 5.0;
				TARGETED_DEVICE_FAMILY = 1;
			};
			name = Debug;
		};
		4D2B64242938A94E006DB4D1 /* Release */ = {
			isa = XCBuildConfiguration;
			baseConfigurationReference = 48068B02957A4A735F2B98C0 /* Pods-iosOpenAPIDemo.release.xcconfig */;
			buildSettings = {
				ALWAYS_EMBED_SWIFT_STANDARD_LIBRARIES = YES;
				APPLICATION_EXTENSION_API_ONLY = NO;
				ARCHS = "$(ARCHS_STANDARD)";
				ASSETCATALOG_COMPILER_APPICON_NAME = AppIcon;
				ASSETCATALOG_COMPILER_GLOBAL_ACCENT_COLOR_NAME = AccentColor;
				BUILD_LIBRARY_FOR_DISTRIBUTION = NO;
				CLANG_ENABLE_MODULES = YES;
				CODE_SIGN_ENTITLEMENTS = iosOpenAPIDemo/iosOpenAPIDemo.entitlements;
				CODE_SIGN_STYLE = Automatic;
				CURRENT_PROJECT_VERSION = 1;
				DEVELOPMENT_TEAM = SL2387CHC5;
				EXCLUDED_ARCHS = "";
				GENERATE_INFOPLIST_FILE = YES;
				INFOPLIST_FILE = iosOpenAPIDemo/Info.plist;
				INFOPLIST_KEY_NSLocationAlwaysAndWhenInUseUsageDescription = Yes;
				INFOPLIST_KEY_NSLocationAlwaysUsageDescription = Yes;
				INFOPLIST_KEY_NSLocationWhenInUseUsageDescription = Yes;
				INFOPLIST_KEY_UIApplicationSupportsIndirectInputEvents = YES;
				INFOPLIST_KEY_UILaunchStoryboardName = LaunchScreen;
				INFOPLIST_KEY_UIMainStoryboardFile = Main;
				INFOPLIST_KEY_UISupportedInterfaceOrientations = UIInterfaceOrientationPortrait;
				IPHONEOS_DEPLOYMENT_TARGET = 13.0;
				LD_RUNPATH_SEARCH_PATHS = (
					"$(inherited)",
					"@executable_path/Frameworks",
				);
				MARKETING_VERSION = 1.0.0;
				PRODUCT_BUNDLE_IDENTIFIER = com.intelligent.OpenAPIDemo;
				PRODUCT_NAME = "$(TARGET_NAME)";
				SUPPORTED_PLATFORMS = "iphoneos iphonesimulator";
				SUPPORTS_MACCATALYST = NO;
				SUPPORTS_MAC_DESIGNED_FOR_IPHONE_IPAD = NO;
				SWIFT_EMIT_LOC_STRINGS = YES;
				SWIFT_OBJC_BRIDGING_HEADER = "iosOpenAPIDemo/iosOpenAPIDemo-Bridging-Header.h";
				SWIFT_VERSION = 5.0;
				TARGETED_DEVICE_FAMILY = 1;
			};
			name = Release;
		};
		4D5C4BC029683BEC00B0C7A8 /* Debug */ = {
			isa = XCBuildConfiguration;
			baseConfigurationReference = A30DE8C9446F9DCC4C5C5C4A /* Pods-NotificationServiceExtension.debug.xcconfig */;
			buildSettings = {
				APPLICATION_EXTENSION_API_ONLY = YES;
				CLANG_CXX_LANGUAGE_STANDARD = "gnu++20";
				CODE_SIGN_ENTITLEMENTS = NotificationServiceExtension/NotificationServiceExtension.entitlements;
				CODE_SIGN_STYLE = Automatic;
				CURRENT_PROJECT_VERSION = 1;
				DEVELOPMENT_TEAM = SL2387CHC5;
				GENERATE_INFOPLIST_FILE = YES;
				INFOPLIST_FILE = NotificationServiceExtension/Info.plist;
				INFOPLIST_KEY_CFBundleDisplayName = NotificationServiceExtension;
				INFOPLIST_KEY_NSHumanReadableCopyright = "";
				IPHONEOS_DEPLOYMENT_TARGET = 13.0;
				LD_RUNPATH_SEARCH_PATHS = (
					"$(inherited)",
					"@executable_path/Frameworks",
					"@executable_path/../../Frameworks",
				);
				MARKETING_VERSION = 1.0;
				PRODUCT_BUNDLE_IDENTIFIER = com.intelligent.OpenAPIDemo.NotificationServiceExtension;
				PRODUCT_NAME = "$(TARGET_NAME)";
				SKIP_INSTALL = YES;
				SWIFT_EMIT_LOC_STRINGS = YES;
				SWIFT_VERSION = 5.0;
				TARGETED_DEVICE_FAMILY = "1,2";
			};
			name = Debug;
		};
		4D5C4BC129683BEC00B0C7A8 /* Release */ = {
			isa = XCBuildConfiguration;
			baseConfigurationReference = E4926B8A85A9832AA20EA6F4 /* Pods-NotificationServiceExtension.release.xcconfig */;
			buildSettings = {
				APPLICATION_EXTENSION_API_ONLY = YES;
				CLANG_CXX_LANGUAGE_STANDARD = "gnu++20";
				CODE_SIGN_ENTITLEMENTS = NotificationServiceExtension/NotificationServiceExtension.entitlements;
				CODE_SIGN_STYLE = Automatic;
				CURRENT_PROJECT_VERSION = 1;
				DEVELOPMENT_TEAM = SL2387CHC5;
				GENERATE_INFOPLIST_FILE = YES;
				INFOPLIST_FILE = NotificationServiceExtension/Info.plist;
				INFOPLIST_KEY_CFBundleDisplayName = NotificationServiceExtension;
				INFOPLIST_KEY_NSHumanReadableCopyright = "";
				IPHONEOS_DEPLOYMENT_TARGET = 13.0;
				LD_RUNPATH_SEARCH_PATHS = (
					"$(inherited)",
					"@executable_path/Frameworks",
					"@executable_path/../../Frameworks",
				);
				MARKETING_VERSION = 1.0;
				PRODUCT_BUNDLE_IDENTIFIER = com.intelligent.OpenAPIDemo.NotificationServiceExtension;
				PRODUCT_NAME = "$(TARGET_NAME)";
				SKIP_INSTALL = YES;
				SWIFT_EMIT_LOC_STRINGS = YES;
				SWIFT_VERSION = 5.0;
				TARGETED_DEVICE_FAMILY = "1,2";
			};
			name = Release;
		};
/* End XCBuildConfiguration section */

/* Begin XCConfigurationList section */
		4D2B64092938A948006DB4D1 /* Build configuration list for PBXProject "iosOpenAPIDemo" */ = {
			isa = XCConfigurationList;
			buildConfigurations = (
				4D2B64202938A94E006DB4D1 /* Debug */,
				4D2B64212938A94E006DB4D1 /* Release */,
			);
			defaultConfigurationIsVisible = 0;
			defaultConfigurationName = Release;
		};
		4D2B64222938A94E006DB4D1 /* Build configuration list for PBXNativeTarget "iosOpenAPIDemo" */ = {
			isa = XCConfigurationList;
			buildConfigurations = (
				4D2B64232938A94E006DB4D1 /* Debug */,
				4D2B64242938A94E006DB4D1 /* Release */,
			);
			defaultConfigurationIsVisible = 0;
			defaultConfigurationName = Release;
		};
		4D5C4BC229683BEC00B0C7A8 /* Build configuration list for PBXNativeTarget "NotificationServiceExtension" */ = {
			isa = XCConfigurationList;
			buildConfigurations = (
				4D5C4BC029683BEC00B0C7A8 /* Debug */,
				4D5C4BC129683BEC00B0C7A8 /* Release */,
			);
			defaultConfigurationIsVisible = 0;
			defaultConfigurationName = Release;
		};
/* End XCConfigurationList section */
	};
	rootObject = 4D2B64062938A948006DB4D1 /* Project object */;
}
